
Microsoft Visual Studio Solution File, Format Version 12.00
# Visual Studio Version 17
VisualStudioVersion = 17.13.35931.197 d17.13
MinimumVisualStudioVersion = 10.0.40219.1
Project("{FAE04EC0-301F-11D3-BF4B-00C04F79EFBC}") = "mvp-refresher", "mvp-refresher.csproj", "{D37257C1-C751-4E3C-847D-7C9C284FC444}"
EndProject
Global
	GlobalSection(SolutionConfigurationPlatforms) = preSolution
		Debug|Any CPU = Debug|Any CPU
		Release|Any CPU = Release|Any CPU
	EndGlobalSection
	GlobalSection(ProjectConfigurationPlatforms) = postSolution
		{D37257C1-C751-4E3C-847D-7C9C284FC444}.Debug|Any CPU.ActiveCfg = Debug|Any CPU
		{D37257C1-C751-4E3C-847D-7C9C284FC444}.Debug|Any CPU.Build.0 = Debug|Any CPU
		{D37257C1-C751-4E3C-847D-7C9C284FC444}.Release|Any CPU.ActiveCfg = Release|Any CPU
		{D37257C1-C751-4E3C-847D-7C9C284FC444}.Release|Any CPU.Build.0 = Release|Any CPU
	EndGlobalSection
	GlobalSection(SolutionProperties) = preSolution
		HideSolutionNode = FALSE
	EndGlobalSection
	GlobalSection(ExtensibilityGlobals) = postSolution
		SolutionGuid = {DABD7220-4342-463A-A3BC-843E96AC2F3B}
	EndGlobalSection
EndGlobal
